
Microsoft Visual Studio Solution File, Format Version 12.00
# Visual Studio Version 16
VisualStudioVersion = 16.0.32126.315
MinimumVisualStudioVersion = 10.0.40219.1
Project("{9A19103F-16F7-4668-BE54-9A1E7A4F7556}") = "Task 01", "Task 01\Task 01.csproj", "{797BCE9E-C546-4C29-8F07-824E9DD656AC}"
EndProject
Project("{FAE04EC0-301F-11D3-BF4B-00C04F79EFBC}") = "GetPersonStats", "GetPersonStats\GetPersonStats.csproj", "{8D0BD0BB-8A06-4D7E-A63B-4EC65D7EF95C}"
EndProject
Global
	GlobalSection(SolutionConfigurationPlatforms) = preSolution
		Debug|Any CPU = Debug|Any CPU
		Release|Any CPU = Release|Any CPU
	EndGlobalSection
	GlobalSection(ProjectConfigurationPlatforms) = postSolution
		{797BCE9E-C546-4C29-8F07-824E9DD656AC}.Debug|Any CPU.ActiveCfg = Debug|Any CPU
		{797BCE9E-C546-4C29-8F07-824E9DD656AC}.Debug|Any CPU.Build.0 = Debug|Any CPU
		{797BCE9E-C546-4C29-8F07-824E9DD656AC}.Release|Any CPU.ActiveCfg = Release|Any CPU
		{797BCE9E-C546-4C29-8F07-824E9DD656AC}.Release|Any CPU.Build.0 = Release|Any CPU
		{8D0BD0BB-8A06-4D7E-A63B-4EC65D7EF95C}.Debug|Any CPU.ActiveCfg = Debug|Any CPU
		{8D0BD0BB-8A06-4D7E-A63B-4EC65D7EF95C}.Debug|Any CPU.Build.0 = Debug|Any CPU
		{8D0BD0BB-8A06-4D7E-A63B-4EC65D7EF95C}.Release|Any CPU.ActiveCfg = Release|Any CPU
		{8D0BD0BB-8A06-4D7E-A63B-4EC65D7EF95C}.Release|Any CPU.Build.0 = Release|Any CPU
	EndGlobalSection
	GlobalSection(SolutionProperties) = preSolution
		HideSolutionNode = FALSE
	EndGlobalSection
	GlobalSection(ExtensibilityGlobals) = postSolution
		SolutionGuid = {1E4E91E9-271B-4158-BD65-D18A8953B4AD}
	EndGlobalSection
EndGlobal
