
Microsoft Visual Studio Solution File, Format Version 12.00
# Visual Studio Version 16
VisualStudioVersion = 16.0.32126.315
MinimumVisualStudioVersion = 10.0.40219.1
Project("{9A19103F-16F7-4668-BE54-9A1E7A4F7556}") = "Task 1 - Last five characters", "Task 1 - Last five characters\Task 1 - Last five characters.csproj", "{8F1EEC89-E450-4842-AF02-8D3A67639D47}"
EndProject
Project("{9A19103F-16F7-4668-BE54-9A1E7A4F7556}") = "Task 2", "Task 2\Task 2.csproj", "{CFA2A76F-8AEA-491D-8840-9EB52E5FD317}"
EndProject
Project("{9A19103F-16F7-4668-BE54-9A1E7A4F7556}") = "Task 3", "Task 3\Task 3.csproj", "{ECC359DF-FC38-42A3-BFDC-BC04507633CD}"
EndProject
Project("{FAE04EC0-301F-11D3-BF4B-00C04F79EFBC}") = "Task - 04", "Task - 04\Task - 04.csproj", "{2CD21F15-2788-4297-98C5-698DC1B79C2A}"
EndProject
Project("{FAE04EC0-301F-11D3-BF4B-00C04F79EFBC}") = "Task - 5", "Task - 5\Task - 5.csproj", "{E8780872-C550-4DF3-83CB-2A5151C6F978}"
EndProject
Global
	GlobalSection(SolutionConfigurationPlatforms) = preSolution
		Debug|Any CPU = Debug|Any CPU
		Release|Any CPU = Release|Any CPU
	EndGlobalSection
	GlobalSection(ProjectConfigurationPlatforms) = postSolution
		{8F1EEC89-E450-4842-AF02-8D3A67639D47}.Debug|Any CPU.ActiveCfg = Debug|Any CPU
		{8F1EEC89-E450-4842-AF02-8D3A67639D47}.Debug|Any CPU.Build.0 = Debug|Any CPU
		{8F1EEC89-E450-4842-AF02-8D3A67639D47}.Release|Any CPU.ActiveCfg = Release|Any CPU
		{8F1EEC89-E450-4842-AF02-8D3A67639D47}.Release|Any CPU.Build.0 = Release|Any CPU
		{CFA2A76F-8AEA-491D-8840-9EB52E5FD317}.Debug|Any CPU.ActiveCfg = Debug|Any CPU
		{CFA2A76F-8AEA-491D-8840-9EB52E5FD317}.Debug|Any CPU.Build.0 = Debug|Any CPU
		{CFA2A76F-8AEA-491D-8840-9EB52E5FD317}.Release|Any CPU.ActiveCfg = Release|Any CPU
		{CFA2A76F-8AEA-491D-8840-9EB52E5FD317}.Release|Any CPU.Build.0 = Release|Any CPU
		{ECC359DF-FC38-42A3-BFDC-BC04507633CD}.Debug|Any CPU.ActiveCfg = Debug|Any CPU
		{ECC359DF-FC38-42A3-BFDC-BC04507633CD}.Debug|Any CPU.Build.0 = Debug|Any CPU
		{ECC359DF-FC38-42A3-BFDC-BC04507633CD}.Release|Any CPU.ActiveCfg = Release|Any CPU
		{ECC359DF-FC38-42A3-BFDC-BC04507633CD}.Release|Any CPU.Build.0 = Release|Any CPU
		{2CD21F15-2788-4297-98C5-698DC1B79C2A}.Debug|Any CPU.ActiveCfg = Debug|Any CPU
		{2CD21F15-2788-4297-98C5-698DC1B79C2A}.Debug|Any CPU.Build.0 = Debug|Any CPU
		{2CD21F15-2788-4297-98C5-698DC1B79C2A}.Release|Any CPU.ActiveCfg = Release|Any CPU
		{2CD21F15-2788-4297-98C5-698DC1B79C2A}.Release|Any CPU.Build.0 = Release|Any CPU
		{E8780872-C550-4DF3-83CB-2A5151C6F978}.Debug|Any CPU.ActiveCfg = Debug|Any CPU
		{E8780872-C550-4DF3-83CB-2A5151C6F978}.Debug|Any CPU.Build.0 = Debug|Any CPU
		{E8780872-C550-4DF3-83CB-2A5151C6F978}.Release|Any CPU.ActiveCfg = Release|Any CPU
		{E8780872-C550-4DF3-83CB-2A5151C6F978}.Release|Any CPU.Build.0 = Release|Any CPU
	EndGlobalSection
	GlobalSection(SolutionProperties) = preSolution
		HideSolutionNode = FALSE
	EndGlobalSection
	GlobalSection(ExtensibilityGlobals) = postSolution
		SolutionGuid = {0EC17CA6-820D-469C-8538-2BE80173D8B5}
	EndGlobalSection
EndGlobal
